
Microsoft Visual Studio Solution File, Format Version 12.00
# Visual Studio Version 16
VisualStudioVersion = 16.0.32802.440
MinimumVisualStudioVersion = 10.0.40219.1
Project("{FAE04EC0-301F-11D3-BF4B-00C04F79EFBC}") = "testing", "testing\testing.csproj", "{98F9C7F8-9E98-485E-926E-596C0281B216}"
EndProject
Project("{FAE04EC0-301F-11D3-BF4B-00C04F79EFBC}") = "AreaCalculator", "AreaCalculator\AreaCalculator.csproj", "{FBEF5239-C1DB-4CB8-87A3-F695A2A052F4}"
EndProject
Global
	GlobalSection(SolutionConfigurationPlatforms) = preSolution
		Debug|Any CPU = Debug|Any CPU
		Release|Any CPU = Release|Any CPU
	EndGlobalSection
	GlobalSection(ProjectConfigurationPlatforms) = postSolution
		{98F9C7F8-9E98-485E-926E-596C0281B216}.Debug|Any CPU.ActiveCfg = Debug|Any CPU
		{98F9C7F8-9E98-485E-926E-596C0281B216}.Debug|Any CPU.Build.0 = Debug|Any CPU
		{98F9C7F8-9E98-485E-926E-596C0281B216}.Release|Any CPU.ActiveCfg = Release|Any CPU
		{98F9C7F8-9E98-485E-926E-596C0281B216}.Release|Any CPU.Build.0 = Release|Any CPU
		{FBEF5239-C1DB-4CB8-87A3-F695A2A052F4}.Debug|Any CPU.ActiveCfg = Debug|Any CPU
		{FBEF5239-C1DB-4CB8-87A3-F695A2A052F4}.Debug|Any CPU.Build.0 = Debug|Any CPU
		{FBEF5239-C1DB-4CB8-87A3-F695A2A052F4}.Release|Any CPU.ActiveCfg = Release|Any CPU
		{FBEF5239-C1DB-4CB8-87A3-F695A2A052F4}.Release|Any CPU.Build.0 = Release|Any CPU
	EndGlobalSection
	GlobalSection(SolutionProperties) = preSolution
		HideSolutionNode = FALSE
	EndGlobalSection
	GlobalSection(ExtensibilityGlobals) = postSolution
		SolutionGuid = {696619D4-CB93-4AD6-A164-91A8ABB05B55}
	EndGlobalSection
EndGlobal
